
Microsoft Visual Studio Solution File, Format Version 12.00
# Visual Studio Version 17
VisualStudioVersion = 17.5.33502.453
MinimumVisualStudioVersion = 10.0.40219.1
Project("{FAE04EC0-301F-11D3-BF4B-00C04F79EFBC}") = "AzNotesSample", "AzNotesSample.csproj", "{39C2380F-4EFA-46A0-8301-269C8E0E1674}"
EndProject
Global
	GlobalSection(SolutionConfigurationPlatforms) = preSolution
		Debug|Any CPU = Debug|Any CPU
		Release|Any CPU = Release|Any CPU
	EndGlobalSection
	GlobalSection(ProjectConfigurationPlatforms) = postSolution
		{39C2380F-4EFA-46A0-8301-269C8E0E1674}.Debug|Any CPU.ActiveCfg = Debug|Any CPU
		{39C2380F-4EFA-46A0-8301-269C8E0E1674}.Debug|Any CPU.Build.0 = Debug|Any CPU
		{39C2380F-4EFA-46A0-8301-269C8E0E1674}.Release|Any CPU.ActiveCfg = Release|Any CPU
		{39C2380F-4EFA-46A0-8301-269C8E0E1674}.Release|Any CPU.Build.0 = Release|Any CPU
	EndGlobalSection
	GlobalSection(SolutionProperties) = preSolution
		HideSolutionNode = FALSE
	EndGlobalSection
	GlobalSection(ExtensibilityGlobals) = postSolution
		SolutionGuid = {8BC60051-BC3F-4AB2-BE81-0CA57EC6B4D7}
	EndGlobalSection
EndGlobal
